{
  "requires": true,
  "lockfileVersion": 1,
  "dependencies": {
    "@google-cloud/vision": {
      "version": "0.25.0",
      "resolved": "https://registry.npmjs.org/@google-cloud/vision/-/vision-0.25.0.tgz",
      "integrity": "sha512-oVneZvYy32aEDKbqA8p0N7Pap4LuNdCdHoyc/9gn3BR1CDFvcZmdD48zLOTeGssW0IKBYtAPMyMdLLrAvyEVwg==",
      "requires": {
        "@google-cloud/promisify": "^0.4.0",
        "google-gax": "^0.25.0",
        "is": "^3.2.1",
        "lodash.merge": "^4.6.1",
        "protobufjs": "^6.8.6"
      },
      "dependencies": {
        "@google-cloud/promisify": {
          "version": "0.4.0",
          "resolved": "https://registry.npmjs.org/@google-cloud/promisify/-/promisify-0.4.0.tgz",
          "integrity": "sha512-4yAHDC52TEMCNcMzVC8WlqnKKKq+Ssi2lXoUg9zWWkZ6U6tq9ZBRYLHHCRdfU+EU9YJsVmivwGcKYCjRGjnf4Q=="
        },
        "@grpc/proto-loader": {
          "version": "0.4.0",
          "resolved": "https://registry.npmjs.org/@grpc/proto-loader/-/proto-loader-0.4.0.tgz",
          "integrity": "sha512-Jm6o+75uWT7E6+lt8edg4J1F/9+BedOjaMgwE14pxS/AO43/0ZqK+rCLVVrXLoExwSAZvgvOD2B0ivy3Spsspw==",
          "requires": {
            "lodash.camelcase": "^4.3.0",
            "protobufjs": "^6.8.6"
          }
        },
        "gcp-metadata": {
          "version": "1.0.0",
          "resolved": "https://registry.npmjs.org/gcp-metadata/-/gcp-metadata-1.0.0.tgz",
          "integrity": "sha512-Q6HrgfrCQeEircnNP3rCcEgiDv7eF9+1B+1MMgpE190+/+0mjQR8PxeOaRgxZWmdDAF9EIryHB9g1moPiw1SbQ==",
          "requires": {
            "gaxios": "^1.0.2",
            "json-bigint": "^0.3.0"
          }
        },
        "google-auth-library": {
          "version": "3.1.2",
          "resolved": "https://registry.npmjs.org/google-auth-library/-/google-auth-library-3.1.2.tgz",
          "integrity": "sha512-cDQMzTotwyWMrg5jRO7q0A4TL/3GWBgO7I7q5xGKNiiFf9SmGY/OJ1YsLMgI2MVHHsEGyrqYnbnmV1AE+Z6DnQ==",
          "requires": {
            "base64-js": "^1.3.0",
            "fast-text-encoding": "^1.0.0",
            "gaxios": "^1.2.1",
            "gcp-metadata": "^1.0.0",
            "gtoken": "^2.3.2",
            "https-proxy-agent": "^2.2.1",
            "jws": "^3.1.5",
            "lru-cache": "^5.0.0",
            "semver": "^5.5.0"
          },
          "dependencies": {
            "semver": {
              "version": "5.7.1",
              "resolved": "https://registry.npmjs.org/semver/-/semver-5.7.1.tgz",
              "integrity": "sha512-sauaDf/PZdVgrLTNYHRtpXa1iRiKcaebiKQ1BJdpQlWH2lCvexQdX55snPFyK7QzpudqbCI0qXFfOasHdyNDGQ=="
            }
          }
        },
        "google-gax": {
          "version": "0.25.6",
          "resolved": "https://registry.npmjs.org/google-gax/-/google-gax-0.25.6.tgz",
          "integrity": "sha512-+CVtOSLQt42mwVvJJirhBiAvWsp8zKeb9zW5Wy3wyvb3VG9OugHzZpwvYO9D4yNPPspe7L9CpIs80I5nUJlS8w==",
          "requires": {
            "@grpc/grpc-js": "^0.3.0",
            "@grpc/proto-loader": "^0.4.0",
            "duplexify": "^3.6.0",
            "google-auth-library": "^3.0.0",
            "google-proto-files": "^0.20.0",
            "grpc": "^1.16.0",
            "grpc-gcp": "^0.1.1",
            "is-stream-ended": "^0.1.4",
            "lodash.at": "^4.6.0",
            "lodash.has": "^4.5.2",
            "protobufjs": "^6.8.8",
            "retry-request": "^4.0.0",
            "semver": "^6.0.0",
            "walkdir": "^0.3.2"
          }
        },
        "google-proto-files": {
          "version": "0.20.0",
          "resolved": "https://registry.npmjs.org/google-proto-files/-/google-proto-files-0.20.0.tgz",
          "integrity": "sha512-ORU+XhOeDv/UPtnCYLkO1ItmfhRCRPR3ZoeVQ7GfVzEs7PVitPIhsYlY5ZzG8XXnsdmtK27ENurfQ1jhAWpZHg==",
          "requires": {
            "@google-cloud/promisify": "^0.4.0",
            "protobufjs": "^6.8.0",
            "walkdir": "^0.3.0"
          }
        },
        "semver": {
          "version": "6.3.0",
          "resolved": "https://registry.npmjs.org/semver/-/semver-6.3.0.tgz",
          "integrity": "sha512-b39TBaTSfV6yBrapU89p5fKekE2m/NwnDocOVruQFS1/veMgdzuPcnOM34M6CwxW8jH/lxEa5rBoDeUwu5HHTw=="
        },
        "walkdir": {
          "version": "0.3.2",
          "resolved": "https://registry.npmjs.org/walkdir/-/walkdir-0.3.2.tgz",
          "integrity": "sha512-0Twghia4Z5wDGDYWURlhZmI47GvERMCsXIu0QZWVVZyW9ZjpbbZvD9Zy9M6cWiQQRRbAcYajIyKNavaZZDt1Uw=="
        }
      }
    },
    "@grpc/grpc-js": {
      "version": "0.3.4",
      "resolved": "https://registry.npmjs.org/@grpc/grpc-js/-/grpc-js-0.3.4.tgz",
      "integrity": "sha512-rIqAYD/Dg7SoR3SD3A9EDEkpb/m7RZ4+1silMN3PjXj2Dz/BeJUHrIl99DYmaZRCDfNGzKrIOPqfjczk8FKlyA=="
    },
    "aws-sdk": {
      "version": "2.395.0",
      "resolved": "https://registry.npmjs.org/aws-sdk/-/aws-sdk-2.395.0.tgz",
      "integrity": "sha512-ldTTjctniZT4E2lq2z3D8Y2u+vpkp+laoEnDkXgjKXTKbiJ0QEtfWsUdx/IQ7awCt8stoxyqZK47DJOxIbRNoA==",
      "dependencies": {
        "sax": {
          "version": "1.2.1",
          "resolved": "https://registry.npmjs.org/sax/-/sax-1.2.1.tgz",
          "integrity": "sha1-e45lYZCyKOgaZq6nSEgNgozS03o="
        }
      }
    },
    "base64-js": {
      "version": "1.3.0",
      "resolved": "https://registry.npmjs.org/base64-js/-/base64-js-1.3.0.tgz",
      "integrity": "sha512-ccav/yGvoa80BQDljCxsmmQ3Xvx60/UpBIij5QN21W3wBi/hhIC9OoO+KLpu9IJTS9j4DRVJ3aDDF9cMSoa2lw=="
    },
    "cheerio": {
      "version": "1.0.0-rc.2",
      "resolved": "https://registry.npmjs.org/cheerio/-/cheerio-1.0.0-rc.2.tgz",
      "integrity": "sha1-S59TqBsn5NXawxwP/Qz6A8xoMNs=",
      "dependencies": {
        "parse5": {
          "version": "3.0.3",
          "resolved": "https://registry.npmjs.org/parse5/-/parse5-3.0.3.tgz",
          "integrity": "sha512-rgO9Zg5LLLkfJF9E6CCmXlSE4UVceloys8JrFqCcHloC3usd/kJCyPDwH2SOlzix2j3xaP9sUX3e8+kvkuleAA=="
        }
      }
    },
    "duplexify": {
      "version": "3.6.1",
      "resolved": "https://registry.npmjs.org/duplexify/-/duplexify-3.6.1.tgz",
      "integrity": "sha512-vM58DwdnKmty+FSPzT14K9JXb90H+j5emaR4KYbr2KTIz00WHGbWOe5ghQTx233ZCLZtrGDALzKwcjEtSt35mA=="
    },
    "fast-text-encoding": {
      "version": "1.0.1",
      "resolved": "https://registry.npmjs.org/fast-text-encoding/-/fast-text-encoding-1.0.1.tgz",
      "integrity": "sha512-x4FEgaz3zNRtJfLFqJmHWxkMDDvXVtaznj2V9jiP8ACUJrUgist4bP9FmDL2Vew2Y9mEQI/tG4GqabaitYp9CQ=="
    },
    "fs": {
      "version": "0.0.1-security",
      "resolved": "https://registry.npmjs.org/fs/-/fs-0.0.1-security.tgz",
      "integrity": "sha1-invTcYa23d84E/I4WLV+yq9eQdQ=",
      "dev": true
    },
    "gaxios": {
      "version": "1.2.6",
      "resolved": "https://registry.npmjs.org/gaxios/-/gaxios-1.2.6.tgz",
      "integrity": "sha512-A7IVK12d5SavNAGTtL5aBDJ6auqWDCbyMazX+QQIklMdashrIZs4QIm1a6TpenJYy0OskCks2sMqglGt6ZThEQ=="
    },
    "grpc": {
      "version": "1.18.0",
      "resolved": "https://registry.npmjs.org/grpc/-/grpc-1.18.0.tgz",
      "integrity": "sha512-M0K67Zhv2ZzCjrTbQvjWgYFPB929L+qAVnbNgXepbfO5kJxUYc30dP8m8vb+o8QdahLHAeYfIqRoIzZRcCB98Q==",
      "dependencies": {
        "abbrev": {
          "version": "1.1.1",
          "bundled": true
        },
        "ansi-regex": {
          "version": "2.1.1",
          "bundled": true
        },
        "aproba": {
          "version": "1.2.0",
          "bundled": true
        },
        "are-we-there-yet": {
          "version": "1.1.5",
          "bundled": true
        },
        "balanced-match": {
          "version": "1.0.0",
          "bundled": true
        },
        "brace-expansion": {
          "version": "1.1.11",
          "bundled": true
        },
        "camelcase": {
          "version": "2.1.1",
          "resolved": "https://registry.npmjs.org/camelcase/-/camelcase-2.1.1.tgz",
          "integrity": "sha1-fB0W1nmhu+WcoCys7PsBHiAfWh8="
        },
        "chownr": {
          "version": "1.1.1",
          "bundled": true
        },
        "cliui": {
          "version": "3.2.0",
          "resolved": "https://registry.npmjs.org/cliui/-/cliui-3.2.0.tgz",
          "integrity": "sha1-EgYBU3qRbSmUD5NNo7SNWFo5IT0="
        },
        "code-point-at": {
          "version": "1.1.0",
          "bundled": true
        },
        "concat-map": {
          "version": "0.0.1",
          "bundled": true
        },
        "console-control-strings": {
          "version": "1.1.0",
          "bundled": true
        },
        "core-util-is": {
          "version": "1.0.2",
          "bundled": true
        },
        "debug": {
          "version": "2.6.9",
          "bundled": true
        },
        "deep-extend": {
          "version": "0.6.0",
          "bundled": true
        },
        "delegates": {
          "version": "1.0.0",
          "bundled": true
        },
        "detect-libc": {
          "version": "1.0.3",
          "bundled": true
        },
        "fs-minipass": {
          "version": "1.2.5",
          "bundled": true
        },
        "fs.realpath": {
          "version": "1.0.0",
          "bundled": true
        },
        "gauge": {
          "version": "2.7.4",
          "bundled": true
        },
        "glob": {
          "version": "7.1.2",
          "bundled": true
        },
        "has-unicode": {
          "version": "2.0.1",
          "bundled": true
        },
        "iconv-lite": {
          "version": "0.4.23",
          "bundled": true
        },
        "ignore-walk": {
          "version": "3.0.1",
          "bundled": true
        },
        "inflight": {
          "version": "1.0.6",
          "bundled": true
        },
        "inherits": {
          "version": "2.0.3",
          "bundled": true
        },
        "ini": {
          "version": "1.3.5",
          "bundled": true
        },
        "invert-kv": {
          "version": "1.0.0",
          "resolved": "https://registry.npmjs.org/invert-kv/-/invert-kv-1.0.0.tgz",
          "integrity": "sha1-EEqOSqym09jNFXqO+L+rLXo//bY="
        },
        "is-fullwidth-code-point": {
          "version": "1.0.0",
          "bundled": true
        },
        "isarray": {
          "version": "1.0.0",
          "bundled": true
        },
        "lcid": {
          "version": "1.0.0",
          "resolved": "https://registry.npmjs.org/lcid/-/lcid-1.0.0.tgz",
          "integrity": "sha1-MIrMr6C8SDo4Z7S28rlQYlHRuDU="
        },
        "minimatch": {
          "version": "3.0.4",
          "bundled": true
        },
        "minimist": {
          "version": "1.2.0",
          "bundled": true
        },
        "minipass": {
          "version": "2.3.5",
          "bundled": true
        },
        "minizlib": {
          "version": "1.1.1",
          "bundled": true
        },
        "mkdirp": {
          "version": "0.5.1",
          "bundled": true,
          "dependencies": {
            "minimist": {
              "version": "0.0.8",
              "bundled": true
            }
          }
        },
        "ms": {
          "version": "2.0.0",
          "bundled": true
        },
        "needle": {
          "version": "2.2.4",
          "bundled": true
        },
        "node-pre-gyp": {
          "version": "0.12.0",
          "bundled": true
        },
        "nopt": {
          "version": "4.0.1",
          "bundled": true
        },
        "npm-bundled": {
          "version": "1.0.5",
          "bundled": true
        },
        "npm-packlist": {
          "version": "1.1.12",
          "bundled": true
        },
        "npmlog": {
          "version": "4.1.2",
          "bundled": true
        },
        "number-is-nan": {
          "version": "1.0.1",
          "bundled": true
        },
        "object-assign": {
          "version": "4.1.1",
          "bundled": true
        },
        "once": {
          "version": "1.4.0",
          "bundled": true
        },
        "os-homedir": {
          "version": "1.0.2",
          "bundled": true
        },
        "os-locale": {
          "version": "1.4.0",
          "resolved": "https://registry.npmjs.org/os-locale/-/os-locale-1.4.0.tgz",
          "integrity": "sha1-IPnxeuKe00XoveWDsT0gCYA8FNk="
        },
        "os-tmpdir": {
          "version": "1.0.2",
          "bundled": true
        },
        "osenv": {
          "version": "0.1.5",
          "bundled": true
        },
        "path-is-absolute": {
          "version": "1.0.1",
          "bundled": true
        },
        "process-nextick-args": {
          "version": "2.0.0",
          "bundled": true
        },
        "protobufjs": {
          "version": "5.0.3",
          "resolved": "https://registry.npmjs.org/protobufjs/-/protobufjs-5.0.3.tgz",
          "integrity": "sha512-55Kcx1MhPZX0zTbVosMQEO5R6/rikNXd9b6RQK4KSPcrSIIwoXTtebIczUrXlwaSrbz4x8XUVThGPob1n8I4QA=="
        },
        "rc": {
          "version": "1.2.8",
          "bundled": true
        },
        "readable-stream": {
          "version": "2.3.6",
          "bundled": true
        },
        "rimraf": {
          "version": "2.6.2",
          "bundled": true
        },
        "safe-buffer": {
          "version": "5.1.2",
          "bundled": true
        },
        "safer-buffer": {
          "version": "2.1.2",
          "bundled": true
        },
        "sax": {
          "version": "1.2.4",
          "bundled": true
        },
        "semver": {
          "version": "5.6.0",
          "bundled": true
        },
        "set-blocking": {
          "version": "2.0.0",
          "bundled": true
        },
        "signal-exit": {
          "version": "3.0.2",
          "bundled": true
        },
        "string-width": {
          "version": "1.0.2",
          "bundled": true
        },
        "string_decoder": {
          "version": "1.1.1",
          "bundled": true
        },
        "strip-ansi": {
          "version": "3.0.1",
          "bundled": true
        },
        "strip-json-comments": {
          "version": "2.0.1",
          "bundled": true
        },
        "tar": {
          "version": "4.4.8",
          "bundled": true
        },
        "util-deprecate": {
          "version": "1.0.2",
          "bundled": true
        },
        "wide-align": {
          "version": "1.1.3",
          "bundled": true
        },
        "wrappy": {
          "version": "1.0.2",
          "bundled": true
        },
        "y18n": {
          "version": "3.2.1",
          "resolved": "https://registry.npmjs.org/y18n/-/y18n-3.2.1.tgz",
          "integrity": "sha1-bRX7qITAhnnA136I53WegR4H+kE="
        },
        "yallist": {
          "version": "3.0.3",
          "bundled": true
        },
        "yargs": {
          "version": "3.32.0",
          "resolved": "https://registry.npmjs.org/yargs/-/yargs-3.32.0.tgz",
          "integrity": "sha1-AwiOnr+edWtpdRYR0qXvWRSCyZU="
        }
      }
    },
    "grpc-gcp": {
      "version": "0.1.1",
      "resolved": "https://registry.npmjs.org/grpc-gcp/-/grpc-gcp-0.1.1.tgz",
      "integrity": "sha512-MAt0Ae9QuL2Lbbt2d+kDta5AxqRD1JVXtBcJuQKp9GeFL5TxPw/hxIyDNyivPjKEXjbG3cBGwSE3CXq6a3KHEQ==",
      "requires": {
        "grpc": "^1.16.0",
        "protobufjs": "^6.8.8"
      }
    },
    "gtoken": {
      "version": "2.3.2",
      "resolved": "https://registry.npmjs.org/gtoken/-/gtoken-2.3.2.tgz",
      "integrity": "sha512-F8EObUGyC8Qd3WXTloNULZBwfUsOABoHElihB1F6zGhT/cy38iPL09wGLRY712I+hQnOyA+sYlgPFX2cOKz0qg==",
      "dependencies": {
        "pify": {
          "version": "4.0.1",
          "resolved": "https://registry.npmjs.org/pify/-/pify-4.0.1.tgz",
          "integrity": "sha512-uB80kBFb/tfd68bVleG9T5GGsGPjJrLAUpR5PZIrhBnIaRTQRjqdJSsIKkOP6OAIFbj7GOrcudc5pNjZ+geV2g=="
        }
      }
    },
    "he": {
      "version": "1.2.0",
      "resolved": "https://registry.npmjs.org/he/-/he-1.2.0.tgz",
      "integrity": "sha512-F/1DnUGPopORZi0ni+CvrCgHQ5FyEAHRLSApuYWMmrbSwoN2Mn/7k+Gl38gJnR7yyDZk6WLXwiGod1JOWNDKGw=="
    },
    "https-proxy-agent": {
      "version": "2.2.1",
      "resolved": "https://registry.npmjs.org/https-proxy-agent/-/https-proxy-agent-2.2.1.tgz",
      "integrity": "sha512-HPCTS1LW51bcyMYbxUIOO4HEOlQ1/1qRaFWcyxvwaqUS9TY88aoEuHUY33kuAh1YhVVaDQhLZsnPd+XNARWZlQ==",
      "dependencies": {
        "debug": {
          "version": "3.2.6",
          "resolved": "https://registry.npmjs.org/debug/-/debug-3.2.6.tgz",
          "integrity": "sha512-mel+jf7nrtEl5Pn1Qx46zARXKDpBbvzezse7p7LqINmdoIk8PYP5SySaxEmYv6TZ0JyEKA1hsCId6DIhgITtWQ=="
        }
      }
    },
    "is": {
      "version": "3.3.0",
      "resolved": "https://registry.npmjs.org/is/-/is-3.3.0.tgz",
      "integrity": "sha512-nW24QBoPcFGGHJGUwnfpI7Yc5CdqWNdsyHQszVE/z2pKHXzh7FZ5GWhJqSyaQ9wMkQnsTx+kAI8bHlCX4tKdbg=="
    },
    "is-stream-ended": {
      "version": "0.1.4",
      "resolved": "https://registry.npmjs.org/is-stream-ended/-/is-stream-ended-0.1.4.tgz",
      "integrity": "sha512-xj0XPvmr7bQFTvirqnFr50o0hQIh6ZItDqloxt5aJrR4NQsYeSsyFQERYGCAzfindAcnKjINnwEEgLx4IqVzQw=="
    },
    "jest": {
      "version": "24.0.0",
      "resolved": "https://registry.npmjs.org/jest/-/jest-24.0.0.tgz",
      "integrity": "sha512-1Z2EblP4BnERbWZGtipGb9zjHDq7nCHgCY7V57F5SYaFRJV4DE1HKoOz+CRC5OrAThN9OVhRlUhTzsTFArg2iQ==",
      "dev": true,
      "dependencies": {
        "jest-cli": {
          "version": "24.0.0",
          "resolved": "https://registry.npmjs.org/jest-cli/-/jest-cli-24.0.0.tgz",
          "integrity": "sha512-mElnFipLaGxo1SiQ1CLvuaz3eX07MJc4HcyKrApSJf8xSdY1/EwaHurKwu1g2cDiwIgY8uHj7UcF5OYbtiBOWg=="
        }
      }
    },
    "json-bigint": {
      "version": "0.3.0",
      "resolved": "https://registry.npmjs.org/json-bigint/-/json-bigint-0.3.0.tgz",
      "integrity": "sha1-DM2RLEuCcNBfBW+9E4FLU9OCWx4=",
      "requires": {
        "bignumber.js": "^7.0.0"
      },
      "dependencies": {
        "bignumber.js": {
          "version": "7.2.1",
          "resolved": "https://registry.npmjs.org/bignumber.js/-/bignumber.js-7.2.1.tgz",
          "integrity": "sha512-S4XzBk5sMB+Rcb/LNcpzXr57VRTxgAvaAEDAl1AwRx27j00hT84O6OkteE7u8UB3NuaaygCRrEpqox4uDOrbdQ=="
        }
      }
    },
    "jws": {
      "version": "3.2.0",
      "resolved": "https://registry.npmjs.org/jws/-/jws-3.2.0.tgz",
      "integrity": "sha512-OmaE/N+SlUTMyja5XeM7aaGP3nNCUlypCCEtlDXf3887yq3tm1zk5O7l/dSz7TQ5p+imRxERZ8Fmk4Z6xcWIIw=="
    },
    "lodash.at": {
      "version": "4.6.0",
      "resolved": "https://registry.npmjs.org/lodash.at/-/lodash.at-4.6.0.tgz",
      "integrity": "sha1-k83OZk8KGZTqM9181A4jr9EbD/g="
    },
    "lodash.camelcase": {
      "version": "4.3.0",
      "resolved": "https://registry.npmjs.org/lodash.camelcase/-/lodash.camelcase-4.3.0.tgz",
      "integrity": "sha1-soqmKIorn8ZRA1x3EfZathkDMaY="
    },
    "lodash.has": {
      "version": "4.5.2",
      "resolved": "https://registry.npmjs.org/lodash.has/-/lodash.has-4.5.2.tgz",
      "integrity": "sha1-0Z9NwQlQWMzL4rDN9O4P5Ko3yGI="
    },
    "lodash.merge": {
      "version": "4.6.2",
      "resolved": "https://registry.npmjs.org/lodash.merge/-/lodash.merge-4.6.2.tgz",
      "integrity": "sha512-0KpjqXRVvrYyCsX1swR/XTK0va6VQkQM6MNo7PqW77ByjAhoARA8EfrP1N4+KlKj8YS0ZUCtRT/YUuhyYDujIQ=="
    },
    "lru-cache": {
      "version": "5.1.1",
      "resolved": "https://registry.npmjs.org/lru-cache/-/lru-cache-5.1.1.tgz",
      "integrity": "sha512-KpNARQA3Iwv+jTA0utUVVbrh+Jlrr1Fv0e56GGzAFOXN7dk/FviaDW8LHmK52DlcH4WP2n6gI8vN1aesBFgo9w=="
    },
    "moment": {
      "version": "2.24.0",
      "resolved": "https://registry.npmjs.org/moment/-/moment-2.24.0.tgz",
      "integrity": "sha512-bV7f+6l2QigeBBZSM/6yTNq4P2fNpSWj/0e7jQcy87A8e7o2nAfP/34/2ky5Vw4B9S446EtIhodAzkFCcR4dQg=="
    },
    "moment-timezone": {
      "version": "0.5.23",
      "resolved": "https://registry.npmjs.org/moment-timezone/-/moment-timezone-0.5.23.tgz",
      "integrity": "sha512-WHFH85DkCfiNMDX5D3X7hpNH3/PUhjTGcD0U1SgfBGZxJ3qUmJh5FdvaFjcClxOvB3rzdfj4oRffbI38jEnC1w=="
    },
    "mysql": {
      "version": "2.16.0",
      "resolved": "https://registry.npmjs.org/mysql/-/mysql-2.16.0.tgz",
      "integrity": "sha512-dPbN2LHonQp7D5ja5DJXNbCLe/HRdu+f3v61aguzNRQIrmZLOeRoymBYyeThrR6ug+FqzDL95Gc9maqZUJS+Gw=="
    },
    "profanities": {
      "version": "2.9.0",
      "resolved": "https://registry.npmjs.org/profanities/-/profanities-2.9.0.tgz",
      "integrity": "sha512-ZGnGN3FRfNR8sjcwq8VeXYlfgDVJJB43Mi7Xwss9gfenI7plbIAMaI/WFUIGejywuarWtOhRWD6GoPOr7PXLUA=="
    },
    "protobufjs": {
      "version": "6.8.8",
      "resolved": "https://registry.npmjs.org/protobufjs/-/protobufjs-6.8.8.tgz",
      "integrity": "sha512-AAmHtD5pXgZfi7GMpllpO3q1Xw1OYldr+dMUlAnffGTAhqkg72WdmSY71uKBF/JuyiKs8psYbtKrhi0ASCD8qw==",
      "dependencies": {
        "@types/node": {
          "version": "10.12.18",
          "resolved": "https://registry.npmjs.org/@types/node/-/node-10.12.18.tgz",
          "integrity": "sha512-fh+pAqt4xRzPfqA6eh3Z2y6fyZavRIumvjhaCL753+TVkGKGhpPeyrJG2JftD0T9q4GF00KjefsQ+PQNDdWQaQ=="
        }
      }
    },
    "querystring": {
      "version": "0.2.0",
      "resolved": "https://registry.npmjs.org/querystring/-/querystring-0.2.0.tgz",
      "integrity": "sha1-sgmEkgO7Jd+CDadW50cAWHhSFiA="
    },
    "request": {
      "version": "2.88.0",
      "resolved": "https://registry.npmjs.org/request/-/request-2.88.0.tgz",
      "integrity": "sha512-NAqBSrijGLZdM0WZNsInLJpkJokL72XYjUpnB0iwsRgxh7dB6COrHnTBNwN0E+lHDAJzu7kLAkDeY08z2/A0hg==",
      "dependencies": {
        "punycode": {
          "version": "1.4.1",
          "resolved": "https://registry.npmjs.org/punycode/-/punycode-1.4.1.tgz",
          "integrity": "sha1-wNWmOycYgArY4esPpSachN1BhF4="
        },
        "tough-cookie": {
          "version": "2.4.3",
          "resolved": "https://registry.npmjs.org/tough-cookie/-/tough-cookie-2.4.3.tgz",
          "integrity": "sha512-Q5srk/4vDM54WJsJio3XNn6K2sCG+CQ8G5Wz6bZhRZoAe/+TxjWB/GlFAnYEbkYVlON9FMk/fE3h2RLpPXo4lQ=="
        }
      }
    },
    "request-promise-native": {
      "version": "1.0.5",
      "resolved": "https://registry.npmjs.org/request-promise-native/-/request-promise-native-1.0.5.tgz",
      "integrity": "sha1-UoF3D2jgyXGeUWP9P6tIIhX0/aU="
    },
    "retry-request": {
      "version": "4.0.0",
      "resolved": "https://registry.npmjs.org/retry-request/-/retry-request-4.0.0.tgz",
      "integrity": "sha512-S4HNLaWcMP6r8E4TMH52Y7/pM8uNayOcTDDQNBwsCccL1uI+Ol2TljxRDPzaNfbhOB30+XWP5NnZkB3LiJxi1w=="
    },
    "sharp": {
      "version": "0.21.3",
      "resolved": "https://registry.npmjs.org/sharp/-/sharp-0.21.3.tgz",
      "integrity": "sha512-5qZk8r+YgfyztLEKkNez20Wynq/Uh1oNyP5T/3gTYwt2lBYGs9iDs5m0yVsZEPm8eVBbAJhS08J1wp/g+Ai1Qw=="
    },
    "stream": {
      "version": "0.0.2",
      "resolved": "https://registry.npmjs.org/stream/-/stream-0.0.2.tgz",
      "integrity": "sha1-f1Nj8Ff2WSxVlfALyAon9c7B8O8="
    }
  }
}
